# THIS IS AN AUTOGENERATED FILE. DO NOT EDIT THIS FILE DIRECTLY.
# yarn lockfile v1


"@napi-rs/cli@^2.13.0":
  version "2.13.0"
  resolved "https://registry.yarnpkg.com/@napi-rs/cli/-/cli-2.13.0.tgz#227f1b63edc6fb9364317e4719884b4451d147b6"
  integrity sha512-8U6TLh2PYXM2SX7HnpRBCqlPU48M9tRe0TLlb4qgUx61bt6PT6Qtdeho3e0ila70fnrbqCA6dnJWrbgbJIopcQ==
